
Microsoft Visual Studio Solution File, Format Version 12.00
# Visual Studio Version 16
VisualStudioVersion = 16.0.29728.190
MinimumVisualStudioVersion = 10.0.40219.1
Project("{FAE04EC0-301F-11D3-BF4B-00C04F79EFBC}") = "YetAnotherPartyOrganiser", "YetAnotherPartyOrganiser.csproj", "{05C53CD6-CE98-4743-BA6F-116636B4FDB2}"
EndProject
Global
	GlobalSection(SolutionConfigurationPlatforms) = preSolution
		Debug|Any CPU = Debug|Any CPU
		Release|Any CPU = Release|Any CPU
		Debug Launcher|Any CPU = Debug Launcher|Any CPU
		Release Launcher|Any CPU = Release Launcher|Any CPU
	EndGlobalSection
	GlobalSection(ProjectConfigurationPlatforms) = postSolution
		{05C53CD6-CE98-4743-BA6F-116636B4FDB2}.Debug|Any CPU.ActiveCfg = Debug|Any CPU
		{05C53CD6-CE98-4743-BA6F-116636B4FDB2}.Debug|Any CPU.Build.0 = Debug|Any CPU
		{05C53CD6-CE98-4743-BA6F-116636B4FDB2}.Release|Any CPU.ActiveCfg = Release|Any CPU
		{05C53CD6-CE98-4743-BA6F-116636B4FDB2}.Release|Any CPU.Build.0 = Release|Any CPU
		{05C53CD6-CE98-4743-BA6F-116636B4FDB2}.Debug Launcher|Any CPU.ActiveCfg = Debug Launcher|Any CPU
		{05C53CD6-CE98-4743-BA6F-116636B4FDB2}.Debug Launcher|Any CPU.Build.0 = Debug Launcher|Any CPU
		{05C53CD6-CE98-4743-BA6F-116636B4FDB2}.Release Launcher|Any CPU.ActiveCfg = Release Launcher|Any CPU
		{05C53CD6-CE98-4743-BA6F-116636B4FDB2}.Release Launcher|Any CPU.Build.0 = Release Launcher|Any CPU
	EndGlobalSection
	GlobalSection(SolutionProperties) = preSolution
		HideSolutionNode = FALSE
	EndGlobalSection
	GlobalSection(ExtensibilityGlobals) = postSolution
		SolutionGuid = {0D6D90E8-EC02-4D41-94BB-8769DC9E4CE0}
	EndGlobalSection
EndGlobal
